
Microsoft Visual Studio Solution File, Format Version 12.00
# Visual Studio Version 17
VisualStudioVersion = 17.7.34031.279
MinimumVisualStudioVersion = 10.0.40219.1
Project("{FAE04EC0-301F-11D3-BF4B-00C04F79EFBC}") = "Element.Azure.Functions.Worker.Extensions.RoutePriority", "Element.Azure.Functions.Worker.Extensions.RoutePriority\Element.Azure.Functions.Worker.Extensions.RoutePriority.csproj", "{0AB04762-CB12-4017-B65F-A16FAEE5C3C9}"
EndProject
Project("{FAE04EC0-301F-11D3-BF4B-00C04F79EFBC}") = "Element.Azure.WebJobs.Extensions.RoutePriority", "Element.Azure.WebJobs.Extensions.RoutePriority\Element.Azure.WebJobs.Extensions.RoutePriority.csproj", "{22D62D4E-0EE9-47FA-BD23-E2D0C9A266B0}"
EndProject
Global
	GlobalSection(SolutionConfigurationPlatforms) = preSolution
		Debug|Any CPU = Debug|Any CPU
		Release|Any CPU = Release|Any CPU
	EndGlobalSection
	GlobalSection(ProjectConfigurationPlatforms) = postSolution
		{0AB04762-CB12-4017-B65F-A16FAEE5C3C9}.Debug|Any CPU.ActiveCfg = Debug|Any CPU
		{0AB04762-CB12-4017-B65F-A16FAEE5C3C9}.Debug|Any CPU.Build.0 = Debug|Any CPU
		{0AB04762-CB12-4017-B65F-A16FAEE5C3C9}.Release|Any CPU.ActiveCfg = Release|Any CPU
		{0AB04762-CB12-4017-B65F-A16FAEE5C3C9}.Release|Any CPU.Build.0 = Release|Any CPU
		{22D62D4E-0EE9-47FA-BD23-E2D0C9A266B0}.Debug|Any CPU.ActiveCfg = Debug|Any CPU
		{22D62D4E-0EE9-47FA-BD23-E2D0C9A266B0}.Debug|Any CPU.Build.0 = Debug|Any CPU
		{22D62D4E-0EE9-47FA-BD23-E2D0C9A266B0}.Release|Any CPU.ActiveCfg = Release|Any CPU
		{22D62D4E-0EE9-47FA-BD23-E2D0C9A266B0}.Release|Any CPU.Build.0 = Release|Any CPU
	EndGlobalSection
	GlobalSection(SolutionProperties) = preSolution
		HideSolutionNode = FALSE
	EndGlobalSection
	GlobalSection(ExtensibilityGlobals) = postSolution
		SolutionGuid = {326B9373-7F11-4092-8271-60753E0EBE16}
	EndGlobalSection
EndGlobal
